
Microsoft Visual Studio Solution File, Format Version 12.00
# Visual Studio Version 17
VisualStudioVersion = 17.14.36408.4
MinimumVisualStudioVersion = 10.0.40219.1
Project("{FAE04EC0-301F-11D3-BF4B-00C04F79EFBC}") = "GymMangementPL", "GymMangementPL\GymMangementPL.csproj", "{4B1B5B69-F1FA-483D-993F-9CF0B8DFAED1}"
EndProject
Project("{FAE04EC0-301F-11D3-BF4B-00C04F79EFBC}") = "GymMangmentDAL", "GymMangmentDAL\GymMangmentDAL.csproj", "{F676749A-5534-4710-9207-C2A70F76BE59}"
EndProject
Project("{FAE04EC0-301F-11D3-BF4B-00C04F79EFBC}") = "GymMangmentBLL", "GymMangmentBLL\GymMangmentBLL.csproj", "{6AD5E035-8F83-4AF9-A87F-62EE0EBB3A20}"
EndProject
Global
	GlobalSection(SolutionConfigurationPlatforms) = preSolution
		Debug|Any CPU = Debug|Any CPU
		Release|Any CPU = Release|Any CPU
	EndGlobalSection
	GlobalSection(ProjectConfigurationPlatforms) = postSolution
		{4B1B5B69-F1FA-483D-993F-9CF0B8DFAED1}.Debug|Any CPU.ActiveCfg = Debug|Any CPU
		{4B1B5B69-F1FA-483D-993F-9CF0B8DFAED1}.Debug|Any CPU.Build.0 = Debug|Any CPU
		{4B1B5B69-F1FA-483D-993F-9CF0B8DFAED1}.Release|Any CPU.ActiveCfg = Release|Any CPU
		{4B1B5B69-F1FA-483D-993F-9CF0B8DFAED1}.Release|Any CPU.Build.0 = Release|Any CPU
		{F676749A-5534-4710-9207-C2A70F76BE59}.Debug|Any CPU.ActiveCfg = Debug|Any CPU
		{F676749A-5534-4710-9207-C2A70F76BE59}.Debug|Any CPU.Build.0 = Debug|Any CPU
		{F676749A-5534-4710-9207-C2A70F76BE59}.Release|Any CPU.ActiveCfg = Release|Any CPU
		{F676749A-5534-4710-9207-C2A70F76BE59}.Release|Any CPU.Build.0 = Release|Any CPU
		{6AD5E035-8F83-4AF9-A87F-62EE0EBB3A20}.Debug|Any CPU.ActiveCfg = Debug|Any CPU
		{6AD5E035-8F83-4AF9-A87F-62EE0EBB3A20}.Debug|Any CPU.Build.0 = Debug|Any CPU
		{6AD5E035-8F83-4AF9-A87F-62EE0EBB3A20}.Release|Any CPU.ActiveCfg = Release|Any CPU
		{6AD5E035-8F83-4AF9-A87F-62EE0EBB3A20}.Release|Any CPU.Build.0 = Release|Any CPU
	EndGlobalSection
	GlobalSection(SolutionProperties) = preSolution
		HideSolutionNode = FALSE
	EndGlobalSection
	GlobalSection(ExtensibilityGlobals) = postSolution
		SolutionGuid = {5745A752-E5B9-4845-B87E-66C0A8E04EFB}
	EndGlobalSection
EndGlobal
